
Microsoft Visual Studio Solution File, Format Version 12.00
# Visual Studio Version 17
VisualStudioVersion = 17.5.002.0
MinimumVisualStudioVersion = 10.0.40219.1
Project("{9A19103F-16F7-4668-BE54-9A1E7A4F7556}") = "CaffeBar", "CaffeBar.csproj", "{7AC302B0-9196-4567-84E9-022173B144DD}"
EndProject
Global
	GlobalSection(SolutionConfigurationPlatforms) = preSolution
		Debug|Any CPU = Debug|Any CPU
		Release|Any CPU = Release|Any CPU
	EndGlobalSection
	GlobalSection(ProjectConfigurationPlatforms) = postSolution
		{7AC302B0-9196-4567-84E9-022173B144DD}.Debug|Any CPU.ActiveCfg = Debug|Any CPU
		{7AC302B0-9196-4567-84E9-022173B144DD}.Debug|Any CPU.Build.0 = Debug|Any CPU
		{7AC302B0-9196-4567-84E9-022173B144DD}.Release|Any CPU.ActiveCfg = Release|Any CPU
		{7AC302B0-9196-4567-84E9-022173B144DD}.Release|Any CPU.Build.0 = Release|Any CPU
	EndGlobalSection
	GlobalSection(SolutionProperties) = preSolution
		HideSolutionNode = FALSE
	EndGlobalSection
	GlobalSection(ExtensibilityGlobals) = postSolution
		SolutionGuid = {824C4C40-A2D2-49CE-A7F8-ABB0A4B3E6A7}
	EndGlobalSection
EndGlobal
